
Microsoft Visual Studio Solution File, Format Version 12.00
# Visual Studio Version 16
VisualStudioVersion = 16.0.29911.84
MinimumVisualStudioVersion = 10.0.40219.1
Project("{FAE04EC0-301F-11D3-BF4B-00C04F79EFBC}") = "FizzBuzz", "FizzBuzz\FizzBuzz.csproj", "{A2197794-8D16-4902-9AEA-95FE307992A7}"
EndProject
Project("{FAE04EC0-301F-11D3-BF4B-00C04F79EFBC}") = "FizzBuzzTests", "FizzBuzzTests\FizzBuzzTests.csproj", "{B5809FA7-41FD-4FE3-B5FC-AE97CDFB9878}"
EndProject
Global
	GlobalSection(SolutionConfigurationPlatforms) = preSolution
		Debug|Any CPU = Debug|Any CPU
		Release|Any CPU = Release|Any CPU
	EndGlobalSection
	GlobalSection(ProjectConfigurationPlatforms) = postSolution
		{A2197794-8D16-4902-9AEA-95FE307992A7}.Debug|Any CPU.ActiveCfg = Debug|Any CPU
		{A2197794-8D16-4902-9AEA-95FE307992A7}.Debug|Any CPU.Build.0 = Debug|Any CPU
		{A2197794-8D16-4902-9AEA-95FE307992A7}.Release|Any CPU.ActiveCfg = Release|Any CPU
		{A2197794-8D16-4902-9AEA-95FE307992A7}.Release|Any CPU.Build.0 = Release|Any CPU
		{B5809FA7-41FD-4FE3-B5FC-AE97CDFB9878}.Debug|Any CPU.ActiveCfg = Debug|Any CPU
		{B5809FA7-41FD-4FE3-B5FC-AE97CDFB9878}.Debug|Any CPU.Build.0 = Debug|Any CPU
		{B5809FA7-41FD-4FE3-B5FC-AE97CDFB9878}.Release|Any CPU.ActiveCfg = Release|Any CPU
		{B5809FA7-41FD-4FE3-B5FC-AE97CDFB9878}.Release|Any CPU.Build.0 = Release|Any CPU
	EndGlobalSection
	GlobalSection(SolutionProperties) = preSolution
		HideSolutionNode = FALSE
	EndGlobalSection
	GlobalSection(ExtensibilityGlobals) = postSolution
		SolutionGuid = {24E99271-2063-42BE-BCEF-1BEF476FBF7D}
	EndGlobalSection
EndGlobal
